
Microsoft Visual Studio Solution File, Format Version 12.00
# Visual Studio Version 16
VisualStudioVersion = 16.0.30011.22
MinimumVisualStudioVersion = 10.0.40219.1
Project("{8BC9CEB8-8B4A-11D0-8D11-00A0C91BC942}") = "HW1", "HW1\HW1.vcxproj", "{068E6B2C-9C79-4484-8F1C-566814085EA9}"
EndProject
Global
	GlobalSection(SolutionConfigurationPlatforms) = preSolution
		Debug|x64 = Debug|x64
		Debug|x86 = Debug|x86
		Release|x64 = Release|x64
		Release|x86 = Release|x86
	EndGlobalSection
	GlobalSection(ProjectConfigurationPlatforms) = postSolution
		{068E6B2C-9C79-4484-8F1C-566814085EA9}.Debug|x64.ActiveCfg = Debug|x64
		{068E6B2C-9C79-4484-8F1C-566814085EA9}.Debug|x64.Build.0 = Debug|x64
		{068E6B2C-9C79-4484-8F1C-566814085EA9}.Debug|x86.ActiveCfg = Debug|Win32
		{068E6B2C-9C79-4484-8F1C-566814085EA9}.Debug|x86.Build.0 = Debug|Win32
		{068E6B2C-9C79-4484-8F1C-566814085EA9}.Release|x64.ActiveCfg = Release|x64
		{068E6B2C-9C79-4484-8F1C-566814085EA9}.Release|x64.Build.0 = Release|x64
		{068E6B2C-9C79-4484-8F1C-566814085EA9}.Release|x86.ActiveCfg = Release|Win32
		{068E6B2C-9C79-4484-8F1C-566814085EA9}.Release|x86.Build.0 = Release|Win32
	EndGlobalSection
	GlobalSection(SolutionProperties) = preSolution
		HideSolutionNode = FALSE
	EndGlobalSection
	GlobalSection(ExtensibilityGlobals) = postSolution
		SolutionGuid = {6ADECC4B-ABCF-42E4-A4D8-26FC196112E1}
	EndGlobalSection
EndGlobal
